{
  "requires": true,
  "lockfileVersion": 1,
  "dependencies": {
    "@types/webmidi": {
      "version": "2.0.3",
      "resolved": "https://registry.npmjs.org/@types/webmidi/-/webmidi-2.0.3.tgz",
      "integrity": "sha512-ui4QxwMIf1I601Pw1FgWJqBOOitrWbeox8XENUIR/R7iQ2r3/BROXBpaYq8fKkk6AvGmBKN9oolURHC36KUI0Q=="
    }
  }
}
